
Microsoft Visual Studio Solution File, Format Version 12.00
# Visual Studio Version 16
VisualStudioVersion = 16.0.29806.167
MinimumVisualStudioVersion = 10.0.40219.1
Project("{FAE04EC0-301F-11D3-BF4B-00C04F79EFBC}") = "Final Exam 13.12.2020", "Final Exam 13.12.2020\Final Exam 13.12.2020.csproj", "{96D21B35-A8DA-474C-89F7-5D5F21D102AB}"
EndProject
Project("{FAE04EC0-301F-11D3-BF4B-00C04F79EFBC}") = "02. Problem", "02. Problem\02. Problem.csproj", "{E311247C-CBD2-429F-AFAD-898EBB0F6961}"
EndProject
Project("{FAE04EC0-301F-11D3-BF4B-00C04F79EFBC}") = "3. Problem", "3. Problem\3. Problem.csproj", "{CF06EF8A-38B9-4AA5-96AF-D3C74B0FB5DE}"
EndProject
Project("{FAE04EC0-301F-11D3-BF4B-00C04F79EFBC}") = "AAA", "AAA\AAA.csproj", "{2D8D0590-D611-4303-87EB-E49CA931EE83}"
EndProject
Project("{FAE04EC0-301F-11D3-BF4B-00C04F79EFBC}") = "qadasdasd", "qadasdasd\qadasdasd.csproj", "{2A282150-6B68-483F-BF07-EE57E4324052}"
EndProject
Global
	GlobalSection(SolutionConfigurationPlatforms) = preSolution
		Debug|Any CPU = Debug|Any CPU
		Release|Any CPU = Release|Any CPU
	EndGlobalSection
	GlobalSection(ProjectConfigurationPlatforms) = postSolution
		{96D21B35-A8DA-474C-89F7-5D5F21D102AB}.Debug|Any CPU.ActiveCfg = Debug|Any CPU
		{96D21B35-A8DA-474C-89F7-5D5F21D102AB}.Debug|Any CPU.Build.0 = Debug|Any CPU
		{96D21B35-A8DA-474C-89F7-5D5F21D102AB}.Release|Any CPU.ActiveCfg = Release|Any CPU
		{96D21B35-A8DA-474C-89F7-5D5F21D102AB}.Release|Any CPU.Build.0 = Release|Any CPU
		{E311247C-CBD2-429F-AFAD-898EBB0F6961}.Debug|Any CPU.ActiveCfg = Debug|Any CPU
		{E311247C-CBD2-429F-AFAD-898EBB0F6961}.Debug|Any CPU.Build.0 = Debug|Any CPU
		{E311247C-CBD2-429F-AFAD-898EBB0F6961}.Release|Any CPU.ActiveCfg = Release|Any CPU
		{E311247C-CBD2-429F-AFAD-898EBB0F6961}.Release|Any CPU.Build.0 = Release|Any CPU
		{CF06EF8A-38B9-4AA5-96AF-D3C74B0FB5DE}.Debug|Any CPU.ActiveCfg = Debug|Any CPU
		{CF06EF8A-38B9-4AA5-96AF-D3C74B0FB5DE}.Debug|Any CPU.Build.0 = Debug|Any CPU
		{CF06EF8A-38B9-4AA5-96AF-D3C74B0FB5DE}.Release|Any CPU.ActiveCfg = Release|Any CPU
		{CF06EF8A-38B9-4AA5-96AF-D3C74B0FB5DE}.Release|Any CPU.Build.0 = Release|Any CPU
		{2D8D0590-D611-4303-87EB-E49CA931EE83}.Debug|Any CPU.ActiveCfg = Debug|Any CPU
		{2D8D0590-D611-4303-87EB-E49CA931EE83}.Debug|Any CPU.Build.0 = Debug|Any CPU
		{2D8D0590-D611-4303-87EB-E49CA931EE83}.Release|Any CPU.ActiveCfg = Release|Any CPU
		{2D8D0590-D611-4303-87EB-E49CA931EE83}.Release|Any CPU.Build.0 = Release|Any CPU
		{2A282150-6B68-483F-BF07-EE57E4324052}.Debug|Any CPU.ActiveCfg = Debug|Any CPU
		{2A282150-6B68-483F-BF07-EE57E4324052}.Debug|Any CPU.Build.0 = Debug|Any CPU
		{2A282150-6B68-483F-BF07-EE57E4324052}.Release|Any CPU.ActiveCfg = Release|Any CPU
		{2A282150-6B68-483F-BF07-EE57E4324052}.Release|Any CPU.Build.0 = Release|Any CPU
	EndGlobalSection
	GlobalSection(SolutionProperties) = preSolution
		HideSolutionNode = FALSE
	EndGlobalSection
	GlobalSection(ExtensibilityGlobals) = postSolution
		SolutionGuid = {B46DBD62-B1C7-4FD9-8CA5-46EFA3955F4A}
	EndGlobalSection
EndGlobal
